Microsoft Visual Studio Solution File, Format Version 12.00
# Visual Studio Version 17
VisualStudioVersion = 17.8.0.0
MinimumVisualStudioVersion = 17.8.0.0
Project("{9A19103F-16F7-4668-BE54-9A1E7A4F7556}") = "Backend.AppHost", "Backend.AppHost\Backend.AppHost.csproj", "{17CF2BB2-A969-4CCD-9EB8-C350A3407C7A}"
EndProject
Project("{9A19103F-16F7-4668-BE54-9A1E7A4F7556}") = "Backend.ServiceDefaults", "Backend.ServiceDefaults\Backend.ServiceDefaults.csproj", "{54990FAF-E52B-4B4A-87B3-52DB80CE9142}"
EndProject
Project("{9A19103F-16F7-4668-BE54-9A1E7A4F7556}") = "Backend.ApiService", "Backend.ApiService\Backend.ApiService.csproj", "{B70C6584-3324-42E6-A0A6-DA1FCE79FB6E}"
EndProject
Project("{9A19103F-16F7-4668-BE54-9A1E7A4F7556}") = "Backend.Web", "Backend.Web\Backend.Web.csproj", "{4D8FCCB3-8403-4C88-A20F-42526D053AC4}"
EndProject
Project("{54A90642-561A-4BB1-A94E-469ADEE60C69}") = "Fronted", "..\Frontend\Frontend.csproj", "{897D9B89-2ECE-442A-8710-FBAC732F135A}"
EndProject
Global
	GlobalSection(SolutionConfigurationPlatforms) = preSolution
		Debug|Any CPU = Debug|Any CPU
		Release|Any CPU = Release|Any CPU
	EndGlobalSection
	GlobalSection(ProjectConfigurationPlatforms) = postSolution
		{17CF2BB2-A969-4CCD-9EB8-C350A3407C7A}.Debug|Any CPU.ActiveCfg = Debug|Any CPU
		{17CF2BB2-A969-4CCD-9EB8-C350A3407C7A}.Debug|Any CPU.Build.0 = Debug|Any CPU
		{17CF2BB2-A969-4CCD-9EB8-C350A3407C7A}.Release|Any CPU.ActiveCfg = Release|Any CPU
		{17CF2BB2-A969-4CCD-9EB8-C350A3407C7A}.Release|Any CPU.Build.0 = Release|Any CPU
		{54990FAF-E52B-4B4A-87B3-52DB80CE9142}.Debug|Any CPU.ActiveCfg = Debug|Any CPU
		{54990FAF-E52B-4B4A-87B3-52DB80CE9142}.Debug|Any CPU.Build.0 = Debug|Any CPU
		{54990FAF-E52B-4B4A-87B3-52DB80CE9142}.Release|Any CPU.ActiveCfg = Release|Any CPU
		{54990FAF-E52B-4B4A-87B3-52DB80CE9142}.Release|Any CPU.Build.0 = Release|Any CPU
		{B70C6584-3324-42E6-A0A6-DA1FCE79FB6E}.Debug|Any CPU.ActiveCfg = Debug|Any CPU
		{B70C6584-3324-42E6-A0A6-DA1FCE79FB6E}.Debug|Any CPU.Build.0 = Debug|Any CPU
		{B70C6584-3324-42E6-A0A6-DA1FCE79FB6E}.Release|Any CPU.ActiveCfg = Release|Any CPU
		{B70C6584-3324-42E6-A0A6-DA1FCE79FB6E}.Release|Any CPU.Build.0 = Release|Any CPU
		{4D8FCCB3-8403-4C88-A20F-42526D053AC4}.Debug|Any CPU.ActiveCfg = Debug|Any CPU
		{4D8FCCB3-8403-4C88-A20F-42526D053AC4}.Debug|Any CPU.Build.0 = Debug|Any CPU
		{4D8FCCB3-8403-4C88-A20F-42526D053AC4}.Release|Any CPU.ActiveCfg = Release|Any CPU
		{4D8FCCB3-8403-4C88-A20F-42526D053AC4}.Release|Any CPU.Build.0 = Release|Any CPU
		{897D9B89-2ECE-442A-8710-FBAC732F135A}.Debug|Any CPU.ActiveCfg = Debug|Any CPU
		{897D9B89-2ECE-442A-8710-FBAC732F135A}.Debug|Any CPU.Build.0 = Debug|Any CPU
		{897D9B89-2ECE-442A-8710-FBAC732F135A}.Debug|Any CPU.Deploy.0 = Debug|Any CPU
		{897D9B89-2ECE-442A-8710-FBAC732F135A}.Release|Any CPU.ActiveCfg = Release|Any CPU
		{897D9B89-2ECE-442A-8710-FBAC732F135A}.Release|Any CPU.Build.0 = Release|Any CPU
		{897D9B89-2ECE-442A-8710-FBAC732F135A}.Release|Any CPU.Deploy.0 = Release|Any CPU
	EndGlobalSection
	GlobalSection(SolutionProperties) = preSolution
		HideSolutionNode = FALSE
	EndGlobalSection
	GlobalSection(ExtensibilityGlobals) = postSolution
		SolutionGuid = {443506C0-020F-4990-B9EB-1F84B6BBE519}
	EndGlobalSection
EndGlobal
