Microsoft Visual Studio Solution File, Format Version 12.00
# Visual Studio Version 17
VisualStudioVersion = 17.8.0.0
MinimumVisualStudioVersion = 17.8.0.0
Project("{9A19103F-16F7-4668-BE54-9A1E7A4F7556}") = "Backend.AppHost", "Backend.AppHost\Backend.AppHost.csproj", "{C4B1CB90-F06E-41DE-AEF1-55795F0BED9E}"
EndProject
Project("{9A19103F-16F7-4668-BE54-9A1E7A4F7556}") = "Backend.ServiceDefaults", "Backend.ServiceDefaults\Backend.ServiceDefaults.csproj", "{006755EE-54F9-4BAA-BAEC-7A24C11FD925}"
EndProject
Project("{9A19103F-16F7-4668-BE54-9A1E7A4F7556}") = "Backend.ApiService", "Backend.ApiService\Backend.ApiService.csproj", "{E6E3637F-5740-4686-B9CE-EA690EBC573C}"
EndProject
Project("{9A19103F-16F7-4668-BE54-9A1E7A4F7556}") = "Backend.Web", "Backend.Web\Backend.Web.csproj", "{B025319B-9BC3-49C9-8E75-0DABA61B1514}"
EndProject
Global
	GlobalSection(SolutionConfigurationPlatforms) = preSolution
		Debug|Any CPU = Debug|Any CPU
		Release|Any CPU = Release|Any CPU
	EndGlobalSection
	GlobalSection(ProjectConfigurationPlatforms) = postSolution
		{C4B1CB90-F06E-41DE-AEF1-55795F0BED9E}.Debug|Any CPU.ActiveCfg = Debug|Any CPU
		{C4B1CB90-F06E-41DE-AEF1-55795F0BED9E}.Debug|Any CPU.Build.0 = Debug|Any CPU
		{C4B1CB90-F06E-41DE-AEF1-55795F0BED9E}.Release|Any CPU.ActiveCfg = Release|Any CPU
		{C4B1CB90-F06E-41DE-AEF1-55795F0BED9E}.Release|Any CPU.Build.0 = Release|Any CPU
		{006755EE-54F9-4BAA-BAEC-7A24C11FD925}.Debug|Any CPU.ActiveCfg = Debug|Any CPU
		{006755EE-54F9-4BAA-BAEC-7A24C11FD925}.Debug|Any CPU.Build.0 = Debug|Any CPU
		{006755EE-54F9-4BAA-BAEC-7A24C11FD925}.Release|Any CPU.ActiveCfg = Release|Any CPU
		{006755EE-54F9-4BAA-BAEC-7A24C11FD925}.Release|Any CPU.Build.0 = Release|Any CPU
		{E6E3637F-5740-4686-B9CE-EA690EBC573C}.Debug|Any CPU.ActiveCfg = Debug|Any CPU
		{E6E3637F-5740-4686-B9CE-EA690EBC573C}.Debug|Any CPU.Build.0 = Debug|Any CPU
		{E6E3637F-5740-4686-B9CE-EA690EBC573C}.Release|Any CPU.ActiveCfg = Release|Any CPU
		{E6E3637F-5740-4686-B9CE-EA690EBC573C}.Release|Any CPU.Build.0 = Release|Any CPU
		{B025319B-9BC3-49C9-8E75-0DABA61B1514}.Debug|Any CPU.ActiveCfg = Debug|Any CPU
		{B025319B-9BC3-49C9-8E75-0DABA61B1514}.Debug|Any CPU.Build.0 = Debug|Any CPU
		{B025319B-9BC3-49C9-8E75-0DABA61B1514}.Release|Any CPU.ActiveCfg = Release|Any CPU
		{B025319B-9BC3-49C9-8E75-0DABA61B1514}.Release|Any CPU.Build.0 = Release|Any CPU
	EndGlobalSection
	GlobalSection(SolutionProperties) = preSolution
		HideSolutionNode = FALSE
	EndGlobalSection
	GlobalSection(ExtensibilityGlobals) = postSolution
		SolutionGuid = {D396D215-51BF-4456-B96F-F4D6D6952198}
	EndGlobalSection
EndGlobal
